<?xml version="1.0" encoding="utf-8"?>
<Project ToolsVersion="4.0" xmlns="http://schemas.microsoft.com/developer/msbuild/2003">
  <ItemGroup>
    <ClInclude Include="ExportHeader.h" />
    <ClInclude Include="Engine\unsigned.h" />
    <ClInclude Include="Engine\Tools\Random\Glm.h" />
    <ClInclude Include="Engine\Tools\NUShapeEditor.h" />
    <ClInclude Include="Engine\Tools\Camera.h" />
    <ClInclude Include="Engine\Tools\Random\MyRandom.h" />
    <ClInclude Include="Engine\Tools\SingleKeyManager.h" />
    <ClInclude Include="Engine\Tools\Timer.h" />
    <ClInclude Include="Engine\FastDelegate.h" />
    <ClInclude Include="Engine\Renderer\Shader\ShaderProgram.h" />
    <ClInclude Include="Engine\Renderer\Shader\ShaderUniformPram.h" />
    <ClInclude Include="Engine\Renderer\ParameterType.h" />
    <ClInclude Include="Engine\Renderer\Renderable.h" />
    <ClInclude Include="Engine\Renderer\Renderer.h" />
    <ClInclude Include="Engine\Renderer\Geo\GeometryInfo.h" />
    <ClInclude Include="Engine\Renderer\Geo\BufferManager.h" />
    <ClInclude Include="Engine\Tools\QT\LinkedSlider.h" />
    <ClInclude Include="Engine\Tools\QT\DebugSlider.h" />
    <ClInclude Include="Engine\Tools\QT\ButtonInfo.h" />
    <ClInclude Include="Engine\DebugTools\DebugMenuManager.h" />
    <ClInclude Include="Engine\Tools\BinaryToShapeLoader.h" />
    <ClInclude Include="Engine\Tools\MatrixInfo.h" />
    <ClInclude Include="Engine\Renderer\Output\PassInfo.h" />
    <ClInclude Include="Engine\Tools\QT\LinkedIntSlider.h" />
    <ClInclude Include="Engine\Defines\Vectors.h" />
    <ClInclude Include="Engine\Systems\BasicGui.h" />
    <ClInclude Include="Engine\Systems\Scene.h" />
    <ClInclude Include="Engine\Systems\SceneManager.h" />
    <ClInclude Include="Engine\Systems\WidgetRenderer.h" />
    <ClInclude Include="Engine\Entity\Component.h" />
    <ClInclude Include="Engine\Entity\Entity.h" />
    <ClInclude Include="Engine\Entity\Components\RenderableComponent.h" />
    <ClInclude Include="Engine\Entity\Components\MatrixInfoComponent.h" />
    <ClInclude Include="Engine\Systems\Entity\GameObjectManager.h" />
    <ClInclude Include="Engine\Systems\Singletons\TimeSingle.h" />
    <ClInclude Include="Engine\Defines\SingletonsDefine.h" />
    <ClInclude Include="Engine\DebugTools\Logging\LogData.h" />
    <ClInclude Include="Engine\DebugTools\Logging\LogManager.h" />
    <ClInclude Include="Engine\DebugTools\Profiling\AutoProfileManager.h" />
    <ClInclude Include="Engine\DebugTools\Profiling\AutoProfileManagerMacros.h" />
    <ClInclude Include="Engine\DebugTools\Profiling\AutoProfiler.h" />
    <ClInclude Include="Engine\DebugTools\Profiling\ProfileCategory.h" />
    <ClInclude Include="Engine\DebugTools\DebugMemHeader.h" />
    <ClInclude Include="Engine\DebugTools\DebugShapeManager.h" />
    <ClInclude Include="Engine\DebugTools\myAssert.h" />
    <ClInclude Include="Engine\Tools\MyMath\Matrix2D.h" />
    <ClInclude Include="Engine\Tools\MyMath\Matrix3D.h" />
    <ClInclude Include="Engine\Tools\MyMath\SquareMatrix.h" />
    <ClInclude Include="Engine\Tools\MyMath\Vector 2.h" />
    <ClInclude Include="Engine\Tools\MyMath\Vector3D.h" />
    <ClInclude Include="Engine\Physics\Particles\Collision\CollisionDetection.h" />
    <ClInclude Include="Engine\Physics\Particles\Collision\CollisionEngine.h" />
    <ClInclude Include="Engine\Physics\Particles\Collision\CollisionManager.h" />
    <ClInclude Include="Engine\Physics\Particles\Collision\CollisionMassCircles.h" />
    <ClInclude Include="Engine\Physics\Particles\Collision\CollisionMassWall.h" />
    <ClInclude Include="Engine\Physics\Particles\Collision\ParticleContact.h" />
    <ClInclude Include="Engine\Physics\Particles\ForceGen\CheapSpringForce.h" />
    <ClInclude Include="Engine\Physics\Particles\ForceGen\DragForceGenerator.h" />
    <ClInclude Include="Engine\Physics\Particles\ForceGen\GravityBodyForceGenerator.h" />
    <ClInclude Include="Engine\Physics\Particles\ForceGen\GravityForceGenerator.h" />
    <ClInclude Include="Engine\Physics\Particles\ForceGen\SpringForceGenerator.h" />
    <ClInclude Include="Engine\Physics\Particles\ForceGen\VectorBoundForceGenerator.h" />
    <ClInclude Include="Engine\Physics\Particles\Particle.h" />
    <ClInclude Include="Engine\Physics\Particles\ParticleForceGenerator.h" />
    <ClInclude Include="Engine\Physics\Particles\ParticleForceRegistry.h" />
    <ClInclude Include="Engine\Physics\Particles\ParticleWorld.h" />
    <ClInclude Include="Engine\Physics\RidgidBody\RidgidBody.h" />
    <ClInclude Include="Engine\Physics\RidgidBody\RigidSpringForce.h" />
    <ClInclude Include="Engine\Pathing\AStar\DebugTools\AStarDebugPath.h" />
    <ClInclude Include="Engine\Pathing\AStar\DebugTools\AStarDebugPathGenerator.h" />
    <ClInclude Include="Engine\Pathing\AStar\AStarNode.h" />
    <ClInclude Include="Engine\Pathing\AStar\AStarPath.h" />
    <ClInclude Include="Engine\Pathing\AStar\AStarPathGenerator.h" />
    <ClInclude Include="Engine\Pathing\FileSaving\LevelFileHeader.h" />
    <ClInclude Include="Engine\Pathing\FileSaving\LevelSerializer.h" />
    <ClInclude Include="Engine\Pathing\EditorNode.h" />
    <ClInclude Include="Engine\Pathing\EditorNodeConnection.h" />
    <ClInclude Include="Engine\Pathing\GameNode.h" />
    <ClInclude Include="Engine\Pathing\GameNodeConnection.h" />
    <ClInclude Include="Engine\Pathing\NodeManager.h" />
    <ClInclude Include="Engine\Tools\CollectionEditing.h" />
  </ItemGroup>
  <ItemGroup>
    <ClCompile Include="dllmain.cpp" />
    <ClCompile Include="Engine\Tools\Random\Glm.cpp" />
    <ClCompile Include="Engine\Tools\NUShapeEditor.cpp" />
    <ClCompile Include="Engine\Tools\Camera.cpp" />
    <ClCompile Include="Engine\Tools\Random\MyRandom.cpp" />
    <ClCompile Include="Engine\Tools\Timer.cpp" />
    <ClCompile Include="Engine\Renderer\Shader\ShaderProgram.cpp" />
    <ClCompile Include="Engine\Renderer\Shader\ShaderUniformPram.cpp" />
    <ClCompile Include="Engine\Renderer\Renderable.cpp" />
    <ClCompile Include="Engine\Renderer\Renderer.cpp" />
    <ClCompile Include="Engine\Renderer\Geo\BufferManager.cpp" />
    <ClCompile Include="Engine\Renderer\Geo\GeometryInfo.cpp" />
    <ClCompile Include="Engine\Tools\QT\ButtonInfo_mock.cpp" />
    <ClCompile Include="Engine\Tools\QT\DebugSlider.cpp" />
    <ClCompile Include="Engine\Tools\QT\DebugSlider_mock.cpp" />
    <ClCompile Include="Engine\Tools\QT\LinkedSlider.cpp" />
    <ClCompile Include="Engine\DebugTools\DebugMenuManager.cpp" />
    <ClCompile Include="Engine\Tools\BinaryToShapeLoader.cpp" />
    <ClCompile Include="Engine\Tools\MatrixInfo.cpp" />
    <ClCompile Include="Engine\Renderer\Output\PassInfo.cpp" />
    <ClCompile Include="Engine\Tools\QT\LinkedIntSlider.cpp" />
    <ClCompile Include="Engine\Systems\BasicGui.cpp" />
    <ClCompile Include="Engine\Systems\BasicGui_mock.cpp" />
    <ClCompile Include="Engine\Systems\SceneManager.cpp" />
    <ClCompile Include="Engine\Systems\WidgetRenderer.cpp" />
    <ClCompile Include="Engine\Systems\WidgetRenderer_mock.cpp" />
    <ClCompile Include="Engine\Entity\Entity.cpp" />
    <ClCompile Include="Engine\Entity\Components\RenderableComponent.cpp" />
    <ClCompile Include="Engine\Entity\Components\MatrixInfoComponent.cpp" />
    <ClCompile Include="Engine\Systems\Singletons\TimeSingle.cpp" />
    <ClCompile Include="Engine\Systems\Entity\GameObjectManager.cpp" />
    <ClCompile Include="Engine\DebugTools\Logging\LogManager.cpp" />
    <ClCompile Include="Engine\DebugTools\Profiling\AutoProfilerManager.cpp" />
    <ClCompile Include="Engine\DebugTools\DebugShapeManager.cpp" />
    <ClCompile Include="Engine\Physics\Particles\Particle.cpp" />
    <ClCompile Include="Engine\Pathing\AStar\DebugTools\AStarDebugPath.cpp" />
    <ClCompile Include="Engine\Pathing\AStar\AStarNode.cpp" />
    <ClCompile Include="Engine\Pathing\AStar\AStarPath.cpp" />
    <ClCompile Include="Engine\Pathing\AStar\AStarPathGenerator.cpp" />
    <ClCompile Include="Engine\Pathing\FileSaving\LevelSerializer.cpp" />
    <ClCompile Include="Engine\Pathing\EditorNode.cpp" />
    <ClCompile Include="Engine\Pathing\NodeManager.cpp" />
  </ItemGroup>
  <ItemGroup>
    <None Include="Engine\Tools\MyMath\Matrix2D.inl" />
    <None Include="Engine\Tools\MyMath\Matrix3D.inl" />
    <None Include="Engine\Tools\MyMath\Vector 2.inl" />
    <None Include="Engine\Tools\MyMath\Vector3D.inl" />
  </ItemGroup>
</Project>